
Microsoft Visual Studio Solution File, Format Version 12.00
# Visual Studio Version 16
VisualStudioVersion = 16.0.32002.261
MinimumVisualStudioVersion = 10.0.40219.1
Project("{FAE04EC0-301F-11D3-BF4B-00C04F79EFBC}") = "SimulateJourney", "SimulateJourney.csproj", "{2B113C21-2EBF-4BF7-8007-81D6AFC210ED}"
EndProject
Global
	GlobalSection(SolutionConfigurationPlatforms) = preSolution
		Debug|Any CPU = Debug|Any CPU
		Release|Any CPU = Release|Any CPU
	EndGlobalSection
	GlobalSection(ProjectConfigurationPlatforms) = postSolution
		{2B113C21-2EBF-4BF7-8007-81D6AFC210ED}.Debug|Any CPU.ActiveCfg = Debug|Any CPU
		{2B113C21-2EBF-4BF7-8007-81D6AFC210ED}.Debug|Any CPU.Build.0 = Debug|Any CPU
		{2B113C21-2EBF-4BF7-8007-81D6AFC210ED}.Release|Any CPU.ActiveCfg = Release|Any CPU
		{2B113C21-2EBF-4BF7-8007-81D6AFC210ED}.Release|Any CPU.Build.0 = Release|Any CPU
	EndGlobalSection
	GlobalSection(SolutionProperties) = preSolution
		HideSolutionNode = FALSE
	EndGlobalSection
	GlobalSection(ExtensibilityGlobals) = postSolution
		SolutionGuid = {1F2C6BBC-F000-4DE7-BC05-5ECC69926817}
	EndGlobalSection
EndGlobal
